Microsoft Visual Studio Solution File, Format Version 12.00
# Visual Studio 2012
Project("{FAE04EC0-301F-11D3-BF4B-00C04F79EFBC}") = "Godot First 2D Game", "Godot First 2D Game.csproj", "{82532789-0C6F-4C57-9B90-6E9DFAB193C9}"
EndProject
Global
	GlobalSection(SolutionConfigurationPlatforms) = preSolution
	Debug|Any CPU = Debug|Any CPU
	ExportDebug|Any CPU = ExportDebug|Any CPU
	ExportRelease|Any CPU = ExportRelease|Any CPU
	EndGlobalSection
	GlobalSection(ProjectConfigurationPlatforms) = postSolution
		{82532789-0C6F-4C57-9B90-6E9DFAB193C9}.Debug|Any CPU.ActiveCfg = Debug|Any CPU
		{82532789-0C6F-4C57-9B90-6E9DFAB193C9}.Debug|Any CPU.Build.0 = Debug|Any CPU
		{82532789-0C6F-4C57-9B90-6E9DFAB193C9}.ExportDebug|Any CPU.ActiveCfg = ExportDebug|Any CPU
		{82532789-0C6F-4C57-9B90-6E9DFAB193C9}.ExportDebug|Any CPU.Build.0 = ExportDebug|Any CPU
		{82532789-0C6F-4C57-9B90-6E9DFAB193C9}.ExportRelease|Any CPU.ActiveCfg = ExportRelease|Any CPU
		{82532789-0C6F-4C57-9B90-6E9DFAB193C9}.ExportRelease|Any CPU.Build.0 = ExportRelease|Any CPU
	EndGlobalSection
EndGlobal
